
Microsoft Visual Studio Solution File, Format Version 12.00
# Visual Studio Version 16
VisualStudioVersion = 16.0.30320.27
MinimumVisualStudioVersion = 10.0.40219.1
Project("{9092AA53-FB77-4645-B42D-1CCCA6BD08BD}") = "React_E-commerce_1", "React_E-commerce_1.njsproj", "{2B0898B5-FCB9-4CCF-A59F-F96E906D2BE2}"
EndProject
Global
	GlobalSection(SolutionConfigurationPlatforms) = preSolution
		Debug|Any CPU = Debug|Any CPU
		Release|Any CPU = Release|Any CPU
	EndGlobalSection
	GlobalSection(ProjectConfigurationPlatforms) = postSolution
		{2B0898B5-FCB9-4CCF-A59F-F96E906D2BE2}.Debug|Any CPU.ActiveCfg = Debug|Any CPU
		{2B0898B5-FCB9-4CCF-A59F-F96E906D2BE2}.Debug|Any CPU.Build.0 = Debug|Any CPU
		{2B0898B5-FCB9-4CCF-A59F-F96E906D2BE2}.Release|Any CPU.ActiveCfg = Release|Any CPU
		{2B0898B5-FCB9-4CCF-A59F-F96E906D2BE2}.Release|Any CPU.Build.0 = Release|Any CPU
	EndGlobalSection
	GlobalSection(SolutionProperties) = preSolution
		HideSolutionNode = FALSE
	EndGlobalSection
	GlobalSection(ExtensibilityGlobals) = postSolution
		SolutionGuid = {382628BD-0D6A-4987-977A-30BCA6BE0A4A}
	EndGlobalSection
EndGlobal
